
Microsoft Visual Studio Solution File, Format Version 12.00
# Visual Studio Version 17
VisualStudioVersion = 17.7.34221.43
MinimumVisualStudioVersion = 10.0.40219.1
Project("{8BC9CEB8-8B4A-11D0-8D11-00A0C91BC942}") = "exercise-2", "exercise-2.vcxproj", "{80C37494-3FBF-4DD6-AC92-BECCD1D199C2}"
EndProject
Global
	GlobalSection(SolutionConfigurationPlatforms) = preSolution
		Debug|x64 = Debug|x64
		Debug|x86 = Debug|x86
		Release|x64 = Release|x64
		Release|x86 = Release|x86
	EndGlobalSection
	GlobalSection(ProjectConfigurationPlatforms) = postSolution
		{80C37494-3FBF-4DD6-AC92-BECCD1D199C2}.Debug|x64.ActiveCfg = Debug|x64
		{80C37494-3FBF-4DD6-AC92-BECCD1D199C2}.Debug|x64.Build.0 = Debug|x64
		{80C37494-3FBF-4DD6-AC92-BECCD1D199C2}.Debug|x86.ActiveCfg = Debug|Win32
		{80C37494-3FBF-4DD6-AC92-BECCD1D199C2}.Debug|x86.Build.0 = Debug|Win32
		{80C37494-3FBF-4DD6-AC92-BECCD1D199C2}.Release|x64.ActiveCfg = Release|x64
		{80C37494-3FBF-4DD6-AC92-BECCD1D199C2}.Release|x64.Build.0 = Release|x64
		{80C37494-3FBF-4DD6-AC92-BECCD1D199C2}.Release|x86.ActiveCfg = Release|Win32
		{80C37494-3FBF-4DD6-AC92-BECCD1D199C2}.Release|x86.Build.0 = Release|Win32
	EndGlobalSection
	GlobalSection(SolutionProperties) = preSolution
		HideSolutionNode = FALSE
	EndGlobalSection
	GlobalSection(ExtensibilityGlobals) = postSolution
		SolutionGuid = {1BE18E71-6C9B-4749-88E4-2BD0356A949F}
	EndGlobalSection
EndGlobal
